
Microsoft Visual Studio Solution File, Format Version 12.00
# Visual Studio Version 16
VisualStudioVersion = 16.0.30621.155
MinimumVisualStudioVersion = 10.0.40219.1
Project("{9A19103F-16F7-4668-BE54-9A1E7A4F7556}") = "Gamestak", "src\Gamestak\Gamestak.csproj", "{656020A7-FFE8-4B5C-94C6-A8BA53BC4FFE}"
EndProject
Project("{2150E333-8FDC-42A3-9474-1A3956D46DE8}") = "lib", "lib", "{DCA9CD11-F261-46C8-A0D5-A7FBBBCD5222}"
EndProject
Project("{9A19103F-16F7-4668-BE54-9A1E7A4F7556}") = "Gamestak.DataAccess", "src\Gamestak.DataAccess\Gamestak.DataAccess.csproj", "{47942495-9F9F-41A3-ABF7-4CFA6519640E}"
EndProject
Global
	GlobalSection(SolutionConfigurationPlatforms) = preSolution
		Debug|Any CPU = Debug|Any CPU
		Release|Any CPU = Release|Any CPU
	EndGlobalSection
	GlobalSection(ProjectConfigurationPlatforms) = postSolution
		{656020A7-FFE8-4B5C-94C6-A8BA53BC4FFE}.Debug|Any CPU.ActiveCfg = Debug|Any CPU
		{656020A7-FFE8-4B5C-94C6-A8BA53BC4FFE}.Debug|Any CPU.Build.0 = Debug|Any CPU
		{656020A7-FFE8-4B5C-94C6-A8BA53BC4FFE}.Release|Any CPU.ActiveCfg = Release|Any CPU
		{656020A7-FFE8-4B5C-94C6-A8BA53BC4FFE}.Release|Any CPU.Build.0 = Release|Any CPU
		{47942495-9F9F-41A3-ABF7-4CFA6519640E}.Debug|Any CPU.ActiveCfg = Debug|Any CPU
		{47942495-9F9F-41A3-ABF7-4CFA6519640E}.Debug|Any CPU.Build.0 = Debug|Any CPU
		{47942495-9F9F-41A3-ABF7-4CFA6519640E}.Release|Any CPU.ActiveCfg = Release|Any CPU
		{47942495-9F9F-41A3-ABF7-4CFA6519640E}.Release|Any CPU.Build.0 = Release|Any CPU
	EndGlobalSection
	GlobalSection(SolutionProperties) = preSolution
		HideSolutionNode = FALSE
	EndGlobalSection
	GlobalSection(NestedProjects) = preSolution
		{47942495-9F9F-41A3-ABF7-4CFA6519640E} = {DCA9CD11-F261-46C8-A0D5-A7FBBBCD5222}
	EndGlobalSection
	GlobalSection(ExtensibilityGlobals) = postSolution
		SolutionGuid = {9709D776-D03C-48EE-BE8E-5B5DED13C29C}
	EndGlobalSection
EndGlobal
